
Microsoft Visual Studio Solution File, Format Version 12.00
# Visual Studio Version 17
VisualStudioVersion = 17.5.33516.290
MinimumVisualStudioVersion = 10.0.40219.1
Project("{FAE04EC0-301F-11D3-BF4B-00C04F79EFBC}") = "CsharpExercises", "CsharpExercises\CsharpExercises.csproj", "{790FB1F6-C832-4932-BB41-EF3DDA68AE31}"
EndProject
Project("{FAE04EC0-301F-11D3-BF4B-00C04F79EFBC}") = "MatchGame", "MatchGame\MatchGame.csproj", "{84916B45-9CF9-41D2-B4EF-B875EBEDF52D}"
EndProject
Project("{FAE04EC0-301F-11D3-BF4B-00C04F79EFBC}") = "MyFirstConsoleApp", "MyFirstConsoleApp\MyFirstConsoleApp.csproj", "{0B53341C-3D23-4F4D-99D4-94813BECDDD4}"
EndProject
Global
	GlobalSection(SolutionConfigurationPlatforms) = preSolution
		Debug|Any CPU = Debug|Any CPU
		Release|Any CPU = Release|Any CPU
	EndGlobalSection
	GlobalSection(ProjectConfigurationPlatforms) = postSolution
		{790FB1F6-C832-4932-BB41-EF3DDA68AE31}.Debug|Any CPU.ActiveCfg = Debug|Any CPU
		{790FB1F6-C832-4932-BB41-EF3DDA68AE31}.Debug|Any CPU.Build.0 = Debug|Any CPU
		{790FB1F6-C832-4932-BB41-EF3DDA68AE31}.Release|Any CPU.ActiveCfg = Release|Any CPU
		{790FB1F6-C832-4932-BB41-EF3DDA68AE31}.Release|Any CPU.Build.0 = Release|Any CPU
		{84916B45-9CF9-41D2-B4EF-B875EBEDF52D}.Debug|Any CPU.ActiveCfg = Debug|Any CPU
		{84916B45-9CF9-41D2-B4EF-B875EBEDF52D}.Debug|Any CPU.Build.0 = Debug|Any CPU
		{84916B45-9CF9-41D2-B4EF-B875EBEDF52D}.Release|Any CPU.ActiveCfg = Release|Any CPU
		{84916B45-9CF9-41D2-B4EF-B875EBEDF52D}.Release|Any CPU.Build.0 = Release|Any CPU
		{0B53341C-3D23-4F4D-99D4-94813BECDDD4}.Debug|Any CPU.ActiveCfg = Debug|Any CPU
		{0B53341C-3D23-4F4D-99D4-94813BECDDD4}.Debug|Any CPU.Build.0 = Debug|Any CPU
		{0B53341C-3D23-4F4D-99D4-94813BECDDD4}.Release|Any CPU.ActiveCfg = Release|Any CPU
		{0B53341C-3D23-4F4D-99D4-94813BECDDD4}.Release|Any CPU.Build.0 = Release|Any CPU
	EndGlobalSection
	GlobalSection(SolutionProperties) = preSolution
		HideSolutionNode = FALSE
	EndGlobalSection
	GlobalSection(ExtensibilityGlobals) = postSolution
		SolutionGuid = {E284C7CE-D7B2-4E36-9B9E-A1C32F44FBC3}
	EndGlobalSection
EndGlobal
